<?xml version="1.0" encoding="utf-8"?>
<Project ToolsVersion="4.0" xmlns="http://schemas.microsoft.com/developer/msbuild/2003">
  <ItemGroup>
    <Filter Include="Source Files">
      <UniqueIdentifier>{4FC737F1-C7A5-4376-A066-2A32D752A2FF}</UniqueIdentifier>
      <Extensions>cpp;c;cc;cxx;c++;cppm;ixx;def;odl;idl;hpj;bat;asm;asmx</Extensions>
    </Filter>
    <Filter Include="Header Files">
      <UniqueIdentifier>{93995380-89BD-4b04-88EB-625FBE52EBFB}</UniqueIdentifier>
      <Extensions>h;hh;hpp;hxx;h++;hm;inl;inc;ipp;xsd</Extensions>
    </Filter>
    <Filter Include="Resource Files">
      <UniqueIdentifier>{67DA6AB6-F800-4c08-8B7A-83BB121AAD01}</UniqueIdentifier>
      <Extensions>rc;ico;cur;bmp;dlg;rc2;rct;bin;rgs;gif;jpg;jpeg;jpe;resx;tiff;tif;png;wav;mfcribbon-ms</Extensions>
    </Filter>
    <Filter Include="Source Files\Shaders">
      <UniqueIdentifier>{45960ea3-9ea5-4a04-a7fe-f1283467a8cd}</UniqueIdentifier>
    </Filter>
    <Filter Include="Resource Files\models">
      <UniqueIdentifier>{4b423637-2c6d-4145-8b81-3bd806a567f7}</UniqueIdentifier>
    </Filter>
    <Filter Include="Resource Files\textures">
      <UniqueIdentifier>{27585e4e-1cf1-4c54-a111-f3e7bf9c3b91}</UniqueIdentifier>
    </Filter>
    <Filter Include="Resource Files\textures\tiles">
      <UniqueIdentifier>{f5ede3c4-2a8b-4c18-8fb4-18f1ad1e1d05}</UniqueIdentifier>
    </Filter>
    <Filter Include="Resource Files\textures\rocks">
      <UniqueIdentifier>{0ee2bf76-b1c1-49b1-a29e-b81972f5e5e9}</UniqueIdentifier>
    </Filter>
    <Filter Include="Resource Files\textures\skybox">
      <UniqueIdentifier>{1c764df8-c6a7-46fb-a9c7-53dab40bda71}</UniqueIdentifier>
    </Filter>
  </ItemGroup>
  <ItemGroup>
    <ClCompile Include="MaterialEditor.cpp">
      <Filter>Source Files</Filter>
    </ClCompile>
    <ClCompile Include="EditorLayer.cpp">
      <Filter>Source Files</Filter>
    </ClCompile>
    <ClCompile Include="ModelSphere.cpp">
      <Filter>Source Files</Filter>
    </ClCompile>
    <ClCompile Include="Skybox.cpp">
      <Filter>Source Files</Filter>
    </ClCompile>
    <ClCompile Include="CameraController.cpp">
      <Filter>Source Files</Filter>
    </ClCompile>
  </ItemGroup>
  <ItemGroup>
    <ClInclude Include="EditorLayer.h">
      <Filter>Header Files</Filter>
    </ClInclude>
    <ClInclude Include="ModelSphere.h">
      <Filter>Header Files</Filter>
    </ClInclude>
    <ClInclude Include="Skybox.h">
      <Filter>Header Files</Filter>
    </ClInclude>
    <ClInclude Include="CameraController.h">
      <Filter>Header Files</Filter>
    </ClInclude>
  </ItemGroup>
  <ItemGroup>
    <Text Include="data\log.txt">
      <Filter>Resource Files</Filter>
    </Text>
  </ItemGroup>
  <ItemGroup>
    <None Include="PBRPixelShader.hlsl">
      <Filter>Source Files\Shaders</Filter>
    </None>
    <None Include="PBRVertexShader.hlsl">
      <Filter>Source Files\Shaders</Filter>
    </None>
    <None Include="models\sphere.obj">
      <Filter>Resource Files\models</Filter>
    </None>
    <None Include="models\sphere.glb">
      <Filter>Resource Files\models</Filter>
    </None>
    <None Include="models\monkey.obj">
      <Filter>Resource Files\models</Filter>
    </None>
    <None Include="models\sphere_high.glb">
      <Filter>Resource Files\models</Filter>
    </None>
    <None Include="models\sphere_extreme.glb">
      <Filter>Resource Files\models</Filter>
    </None>
    <None Include="models\icosphere_extreme.glb">
      <Filter>Resource Files\models</Filter>
    </None>
    <None Include="models\skybox.obj">
      <Filter>Resource Files\models</Filter>
    </None>
    <None Include="SkyboxPixelShader.hlsl">
      <Filter>Source Files\Shaders</Filter>
    </None>
    <None Include="SkyboxVertexShader.hlsl">
      <Filter>Source Files\Shaders</Filter>
    </None>
  </ItemGroup>
  <ItemGroup>
    <Image Include="textures\marsel.tga">
      <Filter>Resource Files\textures</Filter>
    </Image>
    <Image Include="textures\oiiai.tga">
      <Filter>Resource Files\textures</Filter>
    </Image>
    <Image Include="textures\wall.tga">
      <Filter>Resource Files\textures</Filter>
    </Image>
    <Image Include="textures\tiles\roughness.png">
      <Filter>Resource Files\textures\tiles</Filter>
    </Image>
    <Image Include="textures\tiles\albedo.png">
      <Filter>Resource Files\textures\tiles</Filter>
    </Image>
    <Image Include="textures\tiles\displacement.png">
      <Filter>Resource Files\textures\tiles</Filter>
    </Image>
    <Image Include="textures\tiles\normal.png">
      <Filter>Resource Files\textures\tiles</Filter>
    </Image>
    <Image Include="textures\rocks\albedo.png">
      <Filter>Resource Files\textures\rocks</Filter>
    </Image>
    <Image Include="textures\rocks\displacement.png">
      <Filter>Resource Files\textures\rocks</Filter>
    </Image>
    <Image Include="textures\rocks\normal.png">
      <Filter>Resource Files\textures\rocks</Filter>
    </Image>
    <Image Include="textures\rocks\roughness.png">
      <Filter>Resource Files\textures\rocks</Filter>
    </Image>
    <Image Include="textures\skybox\top.png">
      <Filter>Resource Files\textures\skybox</Filter>
    </Image>
    <Image Include="textures\skybox\cubemap.png">
      <Filter>Resource Files\textures\skybox</Filter>
    </Image>
    <Image Include="textures\skybox\back.png">
      <Filter>Resource Files\textures\skybox</Filter>
    </Image>
    <Image Include="textures\skybox\bottom.png">
      <Filter>Resource Files\textures\skybox</Filter>
    </Image>
    <Image Include="textures\skybox\left.png">
      <Filter>Resource Files\textures\skybox</Filter>
    </Image>
    <Image Include="textures\skybox\middle.png">
      <Filter>Resource Files\textures\skybox</Filter>
    </Image>
    <Image Include="textures\skybox\right.png">
      <Filter>Resource Files\textures\skybox</Filter>
    </Image>
  </ItemGroup>
</Project>